
Microsoft Visual Studio Solution File, Format Version 12.00
# Visual Studio Version 16
VisualStudioVersion = 16.0.30114.105
MinimumVisualStudioVersion = 10.0.40219.1
Project("{2150E333-8FDC-42A3-9474-1A3956D46DE8}") = "Backend", "Backend", "{96E0323F-0BB1-4C99-8084-056B85DF7367}"
EndProject
Project("{2150E333-8FDC-42A3-9474-1A3956D46DE8}") = "MainApp", "MainApp", "{6925BE7E-1F52-453C-A7FF-25A8B76B6781}"
EndProject
Project("{2150E333-8FDC-42A3-9474-1A3956D46DE8}") = "src", "src", "{3C42962B-DC2A-4941-BD7C-93B4C4BEC3BC}"
EndProject
Project("{FAE04EC0-301F-11D3-BF4B-00C04F79EFBC}") = "MainApp.WebApi", "Backend\MainApp\src\MainApp.WebApi\MainApp.WebApi.csproj", "{49B01AA7-B4F2-485D-B615-736C22F5C072}"
EndProject
Project("{FAE04EC0-301F-11D3-BF4B-00C04F79EFBC}") = "MainApp.Application", "Backend\MainApp\src\MainApp.Application\MainApp.Application.csproj", "{16B5CAE6-5FFA-4136-98CF-97BEE20C2E59}"
EndProject
Project("{FAE04EC0-301F-11D3-BF4B-00C04F79EFBC}") = "MainApp.Infrastructure", "Backend\MainApp\src\MainApp.Infrastructure\MainApp.Infrastructure.csproj", "{B8D74389-565D-45A3-8DFB-3D404361380C}"
EndProject
Project("{2150E333-8FDC-42A3-9474-1A3956D46DE8}") = "CheckerApp", "CheckerApp", "{6CEB67B4-708C-4687-B3B9-760AA322AFCD}"
EndProject
Project("{2150E333-8FDC-42A3-9474-1A3956D46DE8}") = "src", "src", "{637D5741-E5E5-4BF1-AB23-085F110FC548}"
EndProject
Project("{FAE04EC0-301F-11D3-BF4B-00C04F79EFBC}") = "CheckerApp.WebApi", "Backend\CheckerApp\src\CheckerApp.WebApi\CheckerApp.WebApi.csproj", "{3C879A99-BF83-46BD-8EC8-C260F551A284}"
EndProject
Project("{FAE04EC0-301F-11D3-BF4B-00C04F79EFBC}") = "CheckerApp.Application", "Backend\CheckerApp\src\CheckerApp.Application\CheckerApp.Application.csproj", "{8873EAA2-4018-4C90-8D1E-40A23DA2E5D7}"
EndProject
Project("{FAE04EC0-301F-11D3-BF4B-00C04F79EFBC}") = "CheckerApp.Infrastructure", "Backend\CheckerApp\src\CheckerApp.Infrastructure\CheckerApp.Infrastructure.csproj", "{AA9DC20A-C872-4E02-9E91-A09D3E3C48DE}"
EndProject
Project("{2150E333-8FDC-42A3-9474-1A3956D46DE8}") = "Common", "Common", "{96027E18-DA9C-47CC-B47A-7E6B60B9B265}"
EndProject
Project("{2150E333-8FDC-42A3-9474-1A3956D46DE8}") = "src", "src", "{7F54AE3F-D3A0-4187-B9E8-8130FCF65CE7}"
EndProject
Project("{FAE04EC0-301F-11D3-BF4B-00C04F79EFBC}") = "Common.Domain", "Backend\Common\src\Common.Domain\Common.Domain.csproj", "{D82943B9-47EA-4A64-93DE-D07B3A1D838B}"
EndProject
Global
	GlobalSection(SolutionConfigurationPlatforms) = preSolution
		Debug|Any CPU = Debug|Any CPU
		Release|Any CPU = Release|Any CPU
	EndGlobalSection
	GlobalSection(SolutionProperties) = preSolution
		HideSolutionNode = FALSE
	EndGlobalSection
	GlobalSection(ProjectConfigurationPlatforms) = postSolution
		{49B01AA7-B4F2-485D-B615-736C22F5C072}.Debug|Any CPU.ActiveCfg = Debug|Any CPU
		{49B01AA7-B4F2-485D-B615-736C22F5C072}.Debug|Any CPU.Build.0 = Debug|Any CPU
		{49B01AA7-B4F2-485D-B615-736C22F5C072}.Release|Any CPU.ActiveCfg = Release|Any CPU
		{49B01AA7-B4F2-485D-B615-736C22F5C072}.Release|Any CPU.Build.0 = Release|Any CPU
		{16B5CAE6-5FFA-4136-98CF-97BEE20C2E59}.Debug|Any CPU.ActiveCfg = Debug|Any CPU
		{16B5CAE6-5FFA-4136-98CF-97BEE20C2E59}.Debug|Any CPU.Build.0 = Debug|Any CPU
		{16B5CAE6-5FFA-4136-98CF-97BEE20C2E59}.Release|Any CPU.ActiveCfg = Release|Any CPU
		{16B5CAE6-5FFA-4136-98CF-97BEE20C2E59}.Release|Any CPU.Build.0 = Release|Any CPU
		{B8D74389-565D-45A3-8DFB-3D404361380C}.Debug|Any CPU.ActiveCfg = Debug|Any CPU
		{B8D74389-565D-45A3-8DFB-3D404361380C}.Debug|Any CPU.Build.0 = Debug|Any CPU
		{B8D74389-565D-45A3-8DFB-3D404361380C}.Release|Any CPU.ActiveCfg = Release|Any CPU
		{B8D74389-565D-45A3-8DFB-3D404361380C}.Release|Any CPU.Build.0 = Release|Any CPU
		{3C879A99-BF83-46BD-8EC8-C260F551A284}.Debug|Any CPU.ActiveCfg = Debug|Any CPU
		{3C879A99-BF83-46BD-8EC8-C260F551A284}.Debug|Any CPU.Build.0 = Debug|Any CPU
		{3C879A99-BF83-46BD-8EC8-C260F551A284}.Release|Any CPU.ActiveCfg = Release|Any CPU
		{3C879A99-BF83-46BD-8EC8-C260F551A284}.Release|Any CPU.Build.0 = Release|Any CPU
		{8873EAA2-4018-4C90-8D1E-40A23DA2E5D7}.Debug|Any CPU.ActiveCfg = Debug|Any CPU
		{8873EAA2-4018-4C90-8D1E-40A23DA2E5D7}.Debug|Any CPU.Build.0 = Debug|Any CPU
		{8873EAA2-4018-4C90-8D1E-40A23DA2E5D7}.Release|Any CPU.ActiveCfg = Release|Any CPU
		{8873EAA2-4018-4C90-8D1E-40A23DA2E5D7}.Release|Any CPU.Build.0 = Release|Any CPU
		{AA9DC20A-C872-4E02-9E91-A09D3E3C48DE}.Debug|Any CPU.ActiveCfg = Debug|Any CPU
		{AA9DC20A-C872-4E02-9E91-A09D3E3C48DE}.Debug|Any CPU.Build.0 = Debug|Any CPU
		{AA9DC20A-C872-4E02-9E91-A09D3E3C48DE}.Release|Any CPU.ActiveCfg = Release|Any CPU
		{AA9DC20A-C872-4E02-9E91-A09D3E3C48DE}.Release|Any CPU.Build.0 = Release|Any CPU
		{D82943B9-47EA-4A64-93DE-D07B3A1D838B}.Debug|Any CPU.ActiveCfg = Debug|Any CPU
		{D82943B9-47EA-4A64-93DE-D07B3A1D838B}.Debug|Any CPU.Build.0 = Debug|Any CPU
		{D82943B9-47EA-4A64-93DE-D07B3A1D838B}.Release|Any CPU.ActiveCfg = Release|Any CPU
		{D82943B9-47EA-4A64-93DE-D07B3A1D838B}.Release|Any CPU.Build.0 = Release|Any CPU
	EndGlobalSection
	GlobalSection(NestedProjects) = preSolution
		{6925BE7E-1F52-453C-A7FF-25A8B76B6781} = {96E0323F-0BB1-4C99-8084-056B85DF7367}
		{3C42962B-DC2A-4941-BD7C-93B4C4BEC3BC} = {6925BE7E-1F52-453C-A7FF-25A8B76B6781}
		{49B01AA7-B4F2-485D-B615-736C22F5C072} = {3C42962B-DC2A-4941-BD7C-93B4C4BEC3BC}
		{16B5CAE6-5FFA-4136-98CF-97BEE20C2E59} = {3C42962B-DC2A-4941-BD7C-93B4C4BEC3BC}
		{B8D74389-565D-45A3-8DFB-3D404361380C} = {3C42962B-DC2A-4941-BD7C-93B4C4BEC3BC}
		{6CEB67B4-708C-4687-B3B9-760AA322AFCD} = {96E0323F-0BB1-4C99-8084-056B85DF7367}
		{637D5741-E5E5-4BF1-AB23-085F110FC548} = {6CEB67B4-708C-4687-B3B9-760AA322AFCD}
		{3C879A99-BF83-46BD-8EC8-C260F551A284} = {637D5741-E5E5-4BF1-AB23-085F110FC548}
		{8873EAA2-4018-4C90-8D1E-40A23DA2E5D7} = {637D5741-E5E5-4BF1-AB23-085F110FC548}
		{AA9DC20A-C872-4E02-9E91-A09D3E3C48DE} = {637D5741-E5E5-4BF1-AB23-085F110FC548}
		{96027E18-DA9C-47CC-B47A-7E6B60B9B265} = {96E0323F-0BB1-4C99-8084-056B85DF7367}
		{7F54AE3F-D3A0-4187-B9E8-8130FCF65CE7} = {96027E18-DA9C-47CC-B47A-7E6B60B9B265}
		{D82943B9-47EA-4A64-93DE-D07B3A1D838B} = {7F54AE3F-D3A0-4187-B9E8-8130FCF65CE7}
	EndGlobalSection
EndGlobal
