
Microsoft Visual Studio Solution File, Format Version 12.00
# Visual Studio Version 16
VisualStudioVersion = 16.0.31005.135
MinimumVisualStudioVersion = 10.0.40219.1
Project("{9A19103F-16F7-4668-BE54-9A1E7A4F7556}") = "ContestSystem", "ContestSystem.csproj", "{1BB121D9-987B-4A40-BC6B-1FF4512D5121}"
EndProject
Project("{FAE04EC0-301F-11D3-BF4B-00C04F79EFBC}") = "ContestSystemDbStructure", "..\ContestSystemDbStructure\ContestSystemDbStructure.csproj", "{5351C48F-8B73-4819-B97A-BFCD6284E804}"
EndProject
Global
	GlobalSection(SolutionConfigurationPlatforms) = preSolution
		Debug|Any CPU = Debug|Any CPU
		Release|Any CPU = Release|Any CPU
	EndGlobalSection
	GlobalSection(ProjectConfigurationPlatforms) = postSolution
		{1BB121D9-987B-4A40-BC6B-1FF4512D5121}.Debug|Any CPU.ActiveCfg = Debug|Any CPU
		{1BB121D9-987B-4A40-BC6B-1FF4512D5121}.Debug|Any CPU.Build.0 = Debug|Any CPU
		{1BB121D9-987B-4A40-BC6B-1FF4512D5121}.Release|Any CPU.ActiveCfg = Release|Any CPU
		{1BB121D9-987B-4A40-BC6B-1FF4512D5121}.Release|Any CPU.Build.0 = Release|Any CPU
		{5351C48F-8B73-4819-B97A-BFCD6284E804}.Debug|Any CPU.ActiveCfg = Debug|Any CPU
		{5351C48F-8B73-4819-B97A-BFCD6284E804}.Debug|Any CPU.Build.0 = Debug|Any CPU
		{5351C48F-8B73-4819-B97A-BFCD6284E804}.Release|Any CPU.ActiveCfg = Release|Any CPU
		{5351C48F-8B73-4819-B97A-BFCD6284E804}.Release|Any CPU.Build.0 = Release|Any CPU
	EndGlobalSection
	GlobalSection(SolutionProperties) = preSolution
		HideSolutionNode = FALSE
	EndGlobalSection
	GlobalSection(ExtensibilityGlobals) = postSolution
		SolutionGuid = {2420EFA2-447F-47EB-BB91-ACBA660B3D72}
	EndGlobalSection
EndGlobal
